
Microsoft Visual Studio Solution File, Format Version 12.00
# Visual Studio Version 17
VisualStudioVersion = 17.0.31912.275
MinimumVisualStudioVersion = 10.0.40219.1
Project("{2150E333-8FDC-42A3-9474-1A3956D46DE8}") = "Logging", "Logging", "{F9047410-49E9-4A03-A491-02103DDE4444}"
EndProject
Project("{9A19103F-16F7-4668-BE54-9A1E7A4F7556}") = "WT.Logging", "src\WT.Logging\WT.Logging.csproj", "{70B9614E-4627-436F-ABA6-95E9FF19556C}"
EndProject
Project("{FAE04EC0-301F-11D3-BF4B-00C04F79EFBC}") = "LibraryTools", "src\LibraryTools\LibraryTools.csproj", "{EC0655EB-080C-4803-BEA5-8E90A76011FE}"
EndProject
Global
	GlobalSection(SolutionConfigurationPlatforms) = preSolution
		Debug|Any CPU = Debug|Any CPU
		Release|Any CPU = Release|Any CPU
	EndGlobalSection
	GlobalSection(ProjectConfigurationPlatforms) = postSolution
		{70B9614E-4627-436F-ABA6-95E9FF19556C}.Debug|Any CPU.ActiveCfg = Debug|Any CPU
		{70B9614E-4627-436F-ABA6-95E9FF19556C}.Debug|Any CPU.Build.0 = Debug|Any CPU
		{70B9614E-4627-436F-ABA6-95E9FF19556C}.Release|Any CPU.ActiveCfg = Release|Any CPU
		{70B9614E-4627-436F-ABA6-95E9FF19556C}.Release|Any CPU.Build.0 = Release|Any CPU
		{EC0655EB-080C-4803-BEA5-8E90A76011FE}.Debug|Any CPU.ActiveCfg = Debug|Any CPU
		{EC0655EB-080C-4803-BEA5-8E90A76011FE}.Debug|Any CPU.Build.0 = Debug|Any CPU
		{EC0655EB-080C-4803-BEA5-8E90A76011FE}.Release|Any CPU.ActiveCfg = Release|Any CPU
		{EC0655EB-080C-4803-BEA5-8E90A76011FE}.Release|Any CPU.Build.0 = Release|Any CPU
	EndGlobalSection
	GlobalSection(SolutionProperties) = preSolution
		HideSolutionNode = FALSE
	EndGlobalSection
	GlobalSection(NestedProjects) = preSolution
		{70B9614E-4627-436F-ABA6-95E9FF19556C} = {F9047410-49E9-4A03-A491-02103DDE4444}
	EndGlobalSection
	GlobalSection(ExtensibilityGlobals) = postSolution
		SolutionGuid = {4D4AC09A-D43B-4845-B22F-CA88DDB69882}
	EndGlobalSection
EndGlobal
